
Microsoft Visual Studio Solution File, Format Version 12.00
# Visual Studio 2017
Project("{FAE04EC0-301F-11D3-BF4B-00C04F79EFBC}") = "ProjectWitch.Plugins", "ProjectWitch.Plugins.csproj", "{817A2152-167D-1514-4D05-C0F275234371}"
EndProject
Project("{FAE04EC0-301F-11D3-BF4B-00C04F79EFBC}") = "ProjectWitch", "ProjectWitch.csproj", "{60FC2ACC-03F4-B960-2A01-92947F08A8DE}"
EndProject
Project("{FAE04EC0-301F-11D3-BF4B-00C04F79EFBC}") = "ProjectWitch.Editor", "ProjectWitch.Editor.csproj", "{BAC3276C-E406-3CB2-DE21-910AABA8F07A}"
EndProject
Global
	GlobalSection(SolutionConfigurationPlatforms) = preSolution
		Debug|Any CPU = Debug|Any CPU
		Release|Any CPU = Release|Any CPU
	EndGlobalSection
	GlobalSection(ProjectConfigurationPlatforms) = postSolution
		{817A2152-167D-1514-4D05-C0F275234371}.Debug|Any CPU.ActiveCfg = Debug|Any CPU
		{817A2152-167D-1514-4D05-C0F275234371}.Debug|Any CPU.Build.0 = Debug|Any CPU
		{817A2152-167D-1514-4D05-C0F275234371}.Release|Any CPU.ActiveCfg = Release|Any CPU
		{817A2152-167D-1514-4D05-C0F275234371}.Release|Any CPU.Build.0 = Release|Any CPU
		{60FC2ACC-03F4-B960-2A01-92947F08A8DE}.Debug|Any CPU.ActiveCfg = Debug|Any CPU
		{60FC2ACC-03F4-B960-2A01-92947F08A8DE}.Debug|Any CPU.Build.0 = Debug|Any CPU
		{60FC2ACC-03F4-B960-2A01-92947F08A8DE}.Release|Any CPU.ActiveCfg = Release|Any CPU
		{60FC2ACC-03F4-B960-2A01-92947F08A8DE}.Release|Any CPU.Build.0 = Release|Any CPU
		{BAC3276C-E406-3CB2-DE21-910AABA8F07A}.Debug|Any CPU.ActiveCfg = Debug|Any CPU
		{BAC3276C-E406-3CB2-DE21-910AABA8F07A}.Debug|Any CPU.Build.0 = Debug|Any CPU
		{BAC3276C-E406-3CB2-DE21-910AABA8F07A}.Release|Any CPU.ActiveCfg = Release|Any CPU
		{BAC3276C-E406-3CB2-DE21-910AABA8F07A}.Release|Any CPU.Build.0 = Release|Any CPU
	EndGlobalSection
	GlobalSection(SolutionProperties) = preSolution
		HideSolutionNode = FALSE
	EndGlobalSection
EndGlobal
